<?xml version="1.0" encoding="utf-8"?>
<Project ToolsVersion="4.0" xmlns="http://schemas.microsoft.com/developer/msbuild/2003">
  <ItemGroup>
    <Filter Include="GLFW">
      <UniqueIdentifier>{154B857C-0182-860D-AA6E-6C109684020F}</UniqueIdentifier>
    </Filter>
    <Filter Include="ResourceManager">
      <UniqueIdentifier>{2827463B-94B2-B3FF-9DC3-36F409CE0F00}</UniqueIdentifier>
    </Filter>
    <Filter Include="bgfx">
      <UniqueIdentifier>{6C90947C-58C7-950D-01B4-7B10EDC9110F}</UniqueIdentifier>
    </Filter>
    <Filter Include="bgfx\c99">
      <UniqueIdentifier>{F0581ADC-DC25-75E7-053F-638FF16AAA75}</UniqueIdentifier>
    </Filter>
    <Filter Include="bimg">
      <UniqueIdentifier>{C499947C-B0D0-950D-59BD-7B1045D3110F}</UniqueIdentifier>
    </Filter>
    <Filter Include="bx">
      <UniqueIdentifier>{5F775900-4B03-880B-B4B1-880BA05C880B}</UniqueIdentifier>
    </Filter>
    <Filter Include="compat">
      <UniqueIdentifier>{A909E4F6-95AB-0ECD-7E66-22216AA7951D}</UniqueIdentifier>
    </Filter>
    <Filter Include="compat\freebsd">
      <UniqueIdentifier>{D3C116FE-BF8F-0A04-A823-7B2A9490E668}</UniqueIdentifier>
    </Filter>
    <Filter Include="compat\ios">
      <UniqueIdentifier>{6349CE77-4F01-10C5-B808-E920A4DFAAB5}</UniqueIdentifier>
    </Filter>
    <Filter Include="compat\linux">
      <UniqueIdentifier>{A827B9A4-948A-4849-3D10-81FF295214CC}</UniqueIdentifier>
    </Filter>
    <Filter Include="compat\mingw">
      <UniqueIdentifier>{5A3ECBA4-46A1-5A49-EF26-93FFDB6826CC}</UniqueIdentifier>
    </Filter>
    <Filter Include="compat\msvc">
      <UniqueIdentifier>{11B99971-7D6E-1267-0663-0C3E7217096B}</UniqueIdentifier>
    </Filter>
    <Filter Include="compat\msvc\pre1600">
      <UniqueIdentifier>{0E7142C3-7AD2-1FD1-0340-66836FA05690}</UniqueIdentifier>
    </Filter>
    <Filter Include="compat\osx">
      <UniqueIdentifier>{7263CE77-5E1B-10C5-C722-E920B3F9AAB5}</UniqueIdentifier>
    </Filter>
    <Filter Include="tinystl">
      <UniqueIdentifier>{BCA81BE2-2888-9A7D-31A0-25549DFE00DF}</UniqueIdentifier>
    </Filter>
  </ItemGroup>
  <ItemGroup>
    <ClInclude Include="source\GLFW\glfw3.h">
      <Filter>GLFW</Filter>
    </ClInclude>
    <ClInclude Include="source\GLFW\glfw3native.h">
      <Filter>GLFW</Filter>
    </ClInclude>
    <ClInclude Include="source\ResourceManager\cResourceManager.h">
      <Filter>ResourceManager</Filter>
    </ClInclude>
    <ClInclude Include="source\ResourceManager\sBakedData.h">
      <Filter>ResourceManager</Filter>
    </ClInclude>
    <ClInclude Include="source\bgfx\bgfx.h">
      <Filter>bgfx</Filter>
    </ClInclude>
    <ClInclude Include="source\bgfx\c99\bgfx.h">
      <Filter>bgfx\c99</Filter>
    </ClInclude>
    <ClInclude Include="source\bgfx\defines.h">
      <Filter>bgfx</Filter>
    </ClInclude>
    <ClInclude Include="source\bgfx\embedded_shader.h">
      <Filter>bgfx</Filter>
    </ClInclude>
    <ClInclude Include="source\bgfx\platform.h">
      <Filter>bgfx</Filter>
    </ClInclude>
    <ClInclude Include="source\bimg\bimg.h">
      <Filter>bimg</Filter>
    </ClInclude>
    <ClInclude Include="source\bimg\decode.h">
      <Filter>bimg</Filter>
    </ClInclude>
    <ClInclude Include="source\bimg\encode.h">
      <Filter>bimg</Filter>
    </ClInclude>
    <ClInclude Include="source\bx\allocator.h">
      <Filter>bx</Filter>
    </ClInclude>
    <ClInclude Include="source\bx\bounds.h">
      <Filter>bx</Filter>
    </ClInclude>
    <ClInclude Include="source\bx\bx.h">
      <Filter>bx</Filter>
    </ClInclude>
    <ClInclude Include="source\bx\commandline.h">
      <Filter>bx</Filter>
    </ClInclude>
    <ClInclude Include="source\bx\config.h">
      <Filter>bx</Filter>
    </ClInclude>
    <ClInclude Include="source\bx\constants.h">
      <Filter>bx</Filter>
    </ClInclude>
    <ClInclude Include="source\bx\cpu.h">
      <Filter>bx</Filter>
    </ClInclude>
    <ClInclude Include="source\bx\debug.h">
      <Filter>bx</Filter>
    </ClInclude>
    <ClInclude Include="source\bx\easing.h">
      <Filter>bx</Filter>
    </ClInclude>
    <ClInclude Include="source\bx\endian.h">
      <Filter>bx</Filter>
    </ClInclude>
    <ClInclude Include="source\bx\error.h">
      <Filter>bx</Filter>
    </ClInclude>
    <ClInclude Include="source\bx\file.h">
      <Filter>bx</Filter>
    </ClInclude>
    <ClInclude Include="source\bx\filepath.h">
      <Filter>bx</Filter>
    </ClInclude>
    <ClInclude Include="source\bx\float4x4_t.h">
      <Filter>bx</Filter>
    </ClInclude>
    <ClInclude Include="source\bx\handlealloc.h">
      <Filter>bx</Filter>
    </ClInclude>
    <ClInclude Include="source\bx\hash.h">
      <Filter>bx</Filter>
    </ClInclude>
    <ClInclude Include="source\bx\macros.h">
      <Filter>bx</Filter>
    </ClInclude>
    <ClInclude Include="source\bx\maputil.h">
      <Filter>bx</Filter>
    </ClInclude>
    <ClInclude Include="source\bx\math.h">
      <Filter>bx</Filter>
    </ClInclude>
    <ClInclude Include="source\bx\mpscqueue.h">
      <Filter>bx</Filter>
    </ClInclude>
    <ClInclude Include="source\bx\mutex.h">
      <Filter>bx</Filter>
    </ClInclude>
    <ClInclude Include="source\bx\os.h">
      <Filter>bx</Filter>
    </ClInclude>
    <ClInclude Include="source\bx\pixelformat.h">
      <Filter>bx</Filter>
    </ClInclude>
    <ClInclude Include="source\bx\platform.h">
      <Filter>bx</Filter>
    </ClInclude>
    <ClInclude Include="source\bx\process.h">
      <Filter>bx</Filter>
    </ClInclude>
    <ClInclude Include="source\bx\readerwriter.h">
      <Filter>bx</Filter>
    </ClInclude>
    <ClInclude Include="source\bx\ringbuffer.h">
      <Filter>bx</Filter>
    </ClInclude>
    <ClInclude Include="source\bx\rng.h">
      <Filter>bx</Filter>
    </ClInclude>
    <ClInclude Include="source\bx\semaphore.h">
      <Filter>bx</Filter>
    </ClInclude>
    <ClInclude Include="source\bx\settings.h">
      <Filter>bx</Filter>
    </ClInclude>
    <ClInclude Include="source\bx\simd_t.h">
      <Filter>bx</Filter>
    </ClInclude>
    <ClInclude Include="source\bx\sort.h">
      <Filter>bx</Filter>
    </ClInclude>
    <ClInclude Include="source\bx\spscqueue.h">
      <Filter>bx</Filter>
    </ClInclude>
    <ClInclude Include="source\bx\string.h">
      <Filter>bx</Filter>
    </ClInclude>
    <ClInclude Include="source\bx\thread.h">
      <Filter>bx</Filter>
    </ClInclude>
    <ClInclude Include="source\bx\timer.h">
      <Filter>bx</Filter>
    </ClInclude>
    <ClInclude Include="source\bx\typetraits.h">
      <Filter>bx</Filter>
    </ClInclude>
    <ClInclude Include="source\bx\uint32_t.h">
      <Filter>bx</Filter>
    </ClInclude>
    <ClInclude Include="source\bx\url.h">
      <Filter>bx</Filter>
    </ClInclude>
    <ClInclude Include="source\compat\freebsd\alloca.h">
      <Filter>compat\freebsd</Filter>
    </ClInclude>
    <ClInclude Include="source\compat\freebsd\dirent.h">
      <Filter>compat\freebsd</Filter>
    </ClInclude>
    <ClInclude Include="source\compat\freebsd\malloc.h">
      <Filter>compat\freebsd</Filter>
    </ClInclude>
    <ClInclude Include="source\compat\freebsd\signal.h">
      <Filter>compat\freebsd</Filter>
    </ClInclude>
    <ClInclude Include="source\compat\ios\malloc.h">
      <Filter>compat\ios</Filter>
    </ClInclude>
    <ClInclude Include="source\compat\linux\sal.h">
      <Filter>compat\linux</Filter>
    </ClInclude>
    <ClInclude Include="source\compat\mingw\alloca.h">
      <Filter>compat\mingw</Filter>
    </ClInclude>
    <ClInclude Include="source\compat\mingw\dirent.h">
      <Filter>compat\mingw</Filter>
    </ClInclude>
    <ClInclude Include="source\compat\mingw\sal.h">
      <Filter>compat\mingw</Filter>
    </ClInclude>
    <ClInclude Include="source\compat\mingw\salieri.h">
      <Filter>compat\mingw</Filter>
    </ClInclude>
    <ClInclude Include="source\compat\mingw\specstrings_strict.h">
      <Filter>compat\mingw</Filter>
    </ClInclude>
    <ClInclude Include="source\compat\mingw\specstrings_undef.h">
      <Filter>compat\mingw</Filter>
    </ClInclude>
    <ClInclude Include="source\compat\msvc\alloca.h">
      <Filter>compat\msvc</Filter>
    </ClInclude>
    <ClInclude Include="source\compat\msvc\dirent.h">
      <Filter>compat\msvc</Filter>
    </ClInclude>
    <ClInclude Include="source\compat\msvc\inttypes.h">
      <Filter>compat\msvc</Filter>
    </ClInclude>
    <ClInclude Include="source\compat\msvc\pre1600\stdint.h">
      <Filter>compat\msvc\pre1600</Filter>
    </ClInclude>
    <ClInclude Include="source\compat\msvc\stdbool.h">
      <Filter>compat\msvc</Filter>
    </ClInclude>
    <ClInclude Include="source\compat\osx\malloc.h">
      <Filter>compat\osx</Filter>
    </ClInclude>
    <ClInclude Include="source\tinystl\allocator.h">
      <Filter>tinystl</Filter>
    </ClInclude>
    <ClInclude Include="source\tinystl\buffer.h">
      <Filter>tinystl</Filter>
    </ClInclude>
    <ClInclude Include="source\tinystl\hash.h">
      <Filter>tinystl</Filter>
    </ClInclude>
    <ClInclude Include="source\tinystl\hash_base.h">
      <Filter>tinystl</Filter>
    </ClInclude>
    <ClInclude Include="source\tinystl\new.h">
      <Filter>tinystl</Filter>
    </ClInclude>
    <ClInclude Include="source\tinystl\stddef.h">
      <Filter>tinystl</Filter>
    </ClInclude>
    <ClInclude Include="source\tinystl\string.h">
      <Filter>tinystl</Filter>
    </ClInclude>
    <ClInclude Include="source\tinystl\traits.h">
      <Filter>tinystl</Filter>
    </ClInclude>
    <ClInclude Include="source\tinystl\unordered_map.h">
      <Filter>tinystl</Filter>
    </ClInclude>
    <ClInclude Include="source\tinystl\unordered_set.h">
      <Filter>tinystl</Filter>
    </ClInclude>
    <ClInclude Include="source\tinystl\vector.h">
      <Filter>tinystl</Filter>
    </ClInclude>
  </ItemGroup>
  <ItemGroup>
    <ClCompile Include="source\ResourceManager\cResourceManager.cpp">
      <Filter>ResourceManager</Filter>
    </ClCompile>
    <ClCompile Include="source\main.cpp" />
  </ItemGroup>
</Project>